
Microsoft Visual Studio Solution File, Format Version 12.00
# Visual Studio 2012
Project("{FAE04EC0-301F-11D3-BF4B-00C04F79EFBC}") = "FrontendPublisher", "FrontendPublisher\FrontendPublisher.csproj", "{718B037E-4C63-426F-A8EC-2C87881571CE}"
EndProject
Global
	GlobalSection(SolutionConfigurationPlatforms) = preSolution
		Debug|Any CPU = Debug|Any CPU
		Release|Any CPU = Release|Any CPU
	EndGlobalSection
	GlobalSection(ProjectConfigurationPlatforms) = postSolution
		{718B037E-4C63-426F-A8EC-2C87881571CE}.Debug|Any CPU.ActiveCfg = Debug|Any CPU
		{718B037E-4C63-426F-A8EC-2C87881571CE}.Debug|Any CPU.Build.0 = Debug|Any CPU
		{718B037E-4C63-426F-A8EC-2C87881571CE}.Release|Any CPU.ActiveCfg = Release|Any CPU
		{718B037E-4C63-426F-A8EC-2C87881571CE}.Release|Any CPU.Build.0 = Release|Any CPU
	EndGlobalSection
EndGlobal
